// !$*UTF8*$!
{
	archiveVersion = 1;
	classes = {
	};
	objectVersion = 56;
	objects = {

/* Begin PBXBuildFile section */
		6E6BA6842AC477C0004CCC55 /* AppDelegate.swift in Sources */ = {isa = PBXBuildFile; fileRef = 6E6BA6832AC477C0004CCC55 /* AppDelegate.swift */; };
		6E6BA6862AC477C0004CCC55 /* SceneDelegate.swift in Sources */ = {isa = PBXBuildFile; fileRef = 6E6BA6852AC477C0004CCC55 /* SceneDelegate.swift */; };
		6E6BA6882AC477C0004CCC55 /* ViewController.swift in Sources */ = {isa = PBXBuildFile; fileRef = 6E6BA6872AC477C0004CCC55 /* ViewController.swift */; };
		6E6BA68B2AC477C0004CCC55 /* Main.storyboard in Resources */ = {isa = PBXBuildFile; fileRef = 6E6BA6892AC477C0004CCC55 /* Main.storyboard */; };
		6E6BA68E2AC477C0004CCC55 /* GoodCam.xcdatamodeld in Sources */ = {isa = PBXBuildFile; fileRef = 6E6BA68C2AC477C0004CCC55 /* GoodCam.xcdatamodeld */; };
		6E6BA6902AC477C1004CCC55 /* Assets.xcassets in Resources */ = {isa = PBXBuildFile; fileRef = 6E6BA68F2AC477C1004CCC55 /* Assets.xcassets */; };
		6E6BA6932AC477C1004CCC55 /* LaunchScreen.storyboard in Resources */ = {isa = PBXBuildFile; fileRef = 6E6BA6912AC477C1004CCC55 /* LaunchScreen.storyboard */; };
		6E6BA69C2AC54280004CCC55 /* FilterViewController.swift in Sources */ = {isa = PBXBuildFile; fileRef = 6E6BA69B2AC54280004CCC55 /* FilterViewController.swift */; };
		6E6BA69E2AC5429D004CCC55 /* PhotoCollectionViewController.swift in Sources */ = {isa = PBXBuildFile; fileRef = 6E6BA69D2AC5429D004CCC55 /* PhotoCollectionViewController.swift */; };
		6E6BA6A12AC54545004CCC55 /* UIViewController+Extension.swift in Sources */ = {isa = PBXBuildFile; fileRef = 6E6BA6A02AC54545004CCC55 /* UIViewController+Extension.swift */; };
		6E6BA6A42AC550A4004CCC55 /* PhotoCollectionViewCell.swift in Sources */ = {isa = PBXBuildFile; fileRef = 6E6BA6A32AC550A4004CCC55 /* PhotoCollectionViewCell.swift */; };
		6E6BA6A62AC56F39004CCC55 /* PhotoPreviewViewController.swift in Sources */ = {isa = PBXBuildFile; fileRef = 6E6BA6A52AC56F39004CCC55 /* PhotoPreviewViewController.swift */; };
		6E703ED12AC592A7008A7CF6 /* FilterService.swift in Sources */ = {isa = PBXBuildFile; fileRef = 6E703ED02AC592A7008A7CF6 /* FilterService.swift */; };
		6E703ED42AC597F8008A7CF6 /* FiltersScrollView.swift in Sources */ = {isa = PBXBuildFile; fileRef = 6E703ED32AC597F8008A7CF6 /* FiltersScrollView.swift */; };
		6E703ED62AC59947008A7CF6 /* UIImageView+Extension.swift in Sources */ = {isa = PBXBuildFile; fileRef = 6E703ED52AC59947008A7CF6 /* UIImageView+Extension.swift */; };
		6E703ED92AC59C78008A7CF6 /* filter-default-image.png in Resources */ = {isa = PBXBuildFile; fileRef = 6E703ED82AC59C78008A7CF6 /* filter-default-image.png */; };
/* End PBXBuildFile section */

/* Begin PBXFileReference section */
		6E6BA6802AC477C0004CCC55 /* GoodCam.app */ = {isa = PBXFileReference; explicitFileType = wrapper.application; includeInIndex = 0; path = GoodCam.app; sourceTree = BUILT_PRODUCTS_DIR; };
		6E6BA6832AC477C0004CCC55 /* AppDelegate.swift */ = {isa = PBXFileReference; lastKnownFileType = sourcecode.swift; path = AppDelegate.swift; sourceTree = "<group>"; };
		6E6BA6852AC477C0004CCC55 /* SceneDelegate.swift */ = {isa = PBXFileReference; lastKnownFileType = sourcecode.swift; path = SceneDelegate.swift; sourceTree = "<group>"; };
		6E6BA6872AC477C0004CCC55 /* ViewController.swift */ = {isa = PBXFileReference; lastKnownFileType = sourcecode.swift; path = ViewController.swift; sourceTree = "<group>"; };
		6E6BA68A2AC477C0004CCC55 /* Base */ = {isa = PBXFileReference; lastKnownFileType = file.storyboard; name = Base; path = Base.lproj/Main.storyboard; sourceTree = "<group>"; };
		6E6BA68D2AC477C0004CCC55 /* GoodCam.xcdatamodel */ = {isa = PBXFileReference; lastKnownFileType = wrapper.xcdatamodel; path = GoodCam.xcdatamodel; sourceTree = "<group>"; };
		6E6BA68F2AC477C1004CCC55 /* Assets.xcassets */ = {isa = PBXFileReference; lastKnownFileType = folder.assetcatalog; path = Assets.xcassets; sourceTree = "<group>"; };
		6E6BA6922AC477C1004CCC55 /* Base */ = {isa = PBXFileReference; lastKnownFileType = file.storyboard; name = Base; path = Base.lproj/LaunchScreen.storyboard; sourceTree = "<group>"; };
		6E6BA6942AC477C1004CCC55 /* Info.plist */ = {isa = PBXFileReference; lastKnownFileType = text.plist.xml; path = Info.plist; sourceTree = "<group>"; };
		6E6BA69B2AC54280004CCC55 /* FilterViewController.swift */ = {isa = PBXFileReference; lastKnownFileType = sourcecode.swift; path = FilterViewController.swift; sourceTree = "<group>"; };
		6E6BA69D2AC5429D004CCC55 /* PhotoCollectionViewController.swift */ = {isa = PBXFileReference; lastKnownFileType = sourcecode.swift; path = PhotoCollectionViewController.swift; sourceTree = "<group>"; };
		6E6BA6A02AC54545004CCC55 /* UIViewController+Extension.swift */ = {isa = PBXFileReference; lastKnownFileType = sourcecode.swift; path = "UIViewController+Extension.swift"; sourceTree = "<group>"; };
		6E6BA6A32AC550A4004CCC55 /* PhotoCollectionViewCell.swift */ = {isa = PBXFileReference; lastKnownFileType = sourcecode.swift; path = PhotoCollectionViewCell.swift; sourceTree = "<group>"; };
		6E6BA6A52AC56F39004CCC55 /* PhotoPreviewViewController.swift */ = {isa = PBXFileReference; lastKnownFileType = sourcecode.swift; path = PhotoPreviewViewController.swift; sourceTree = "<group>"; };
		6E703ED02AC592A7008A7CF6 /* FilterService.swift */ = {isa = PBXFileReference; lastKnownFileType = sourcecode.swift; path = FilterService.swift; sourceTree = "<group>"; };
		6E703ED32AC597F8008A7CF6 /* FiltersScrollView.swift */ = {isa = PBXFileReference; lastKnownFileType = sourcecode.swift; path = FiltersScrollView.swift; sourceTree = "<group>"; };
		6E703ED52AC59947008A7CF6 /* UIImageView+Extension.swift */ = {isa = PBXFileReference; lastKnownFileType = sourcecode.swift; path = "UIImageView+Extension.swift"; sourceTree = "<group>"; };
		6E703ED82AC59C78008A7CF6 /* filter-default-image.png */ = {isa = PBXFileReference; lastKnownFileType = image.png; path = "filter-default-image.png"; sourceTree = "<group>"; };
/* End PBXFileReference section */

/* Begin PBXFrameworksBuildPhase section */
		6E6BA67D2AC477C0004CCC55 /* Frameworks */ = {
			isa = PBXFrameworksBuildPhase;
			buildActionMask = 2147483647;
			files = (
			);
			runOnlyForDeploymentPostprocessing = 0;
		};
/* End PBXFrameworksBuildPhase section */

/* Begin PBXGroup section */
		6E6BA6772AC477C0004CCC55 = {
			isa = PBXGroup;
			children = (
				6E6BA6822AC477C0004CCC55 /* GoodCam */,
				6E6BA6812AC477C0004CCC55 /* Products */,
			);
			sourceTree = "<group>";
		};
		6E6BA6812AC477C0004CCC55 /* Products */ = {
			isa = PBXGroup;
			children = (
				6E6BA6802AC477C0004CCC55 /* GoodCam.app */,
			);
			name = Products;
			sourceTree = "<group>";
		};
		6E6BA6822AC477C0004CCC55 /* GoodCam */ = {
			isa = PBXGroup;
			children = (
				6E703ED72AC59C2C008A7CF6 /* Images */,
				6E703ED22AC597D6008A7CF6 /* Controlls */,
				6E703ECF2AC59289008A7CF6 /* FilterService */,
				6E6BA6A22AC55086004CCC55 /* CollectionCell */,
				6E6BA69F2AC54513004CCC55 /* UIViewController+Extensions */,
				6E6BA69A2AC54265004CCC55 /* Controllers */,
				6E6BA6832AC477C0004CCC55 /* AppDelegate.swift */,
				6E6BA6852AC477C0004CCC55 /* SceneDelegate.swift */,
				6E6BA6892AC477C0004CCC55 /* Main.storyboard */,
				6E6BA68F2AC477C1004CCC55 /* Assets.xcassets */,
				6E6BA6912AC477C1004CCC55 /* LaunchScreen.storyboard */,
				6E6BA6942AC477C1004CCC55 /* Info.plist */,
				6E6BA68C2AC477C0004CCC55 /* GoodCam.xcdatamodeld */,
			);
			path = GoodCam;
			sourceTree = "<group>";
		};
		6E6BA69A2AC54265004CCC55 /* Controllers */ = {
			isa = PBXGroup;
			children = (
				6E6BA6872AC477C0004CCC55 /* ViewController.swift */,
				6E6BA69B2AC54280004CCC55 /* FilterViewController.swift */,
				6E6BA69D2AC5429D004CCC55 /* PhotoCollectionViewController.swift */,
				6E6BA6A52AC56F39004CCC55 /* PhotoPreviewViewController.swift */,
			);
			path = Controllers;
			sourceTree = "<group>";
		};
		6E6BA69F2AC54513004CCC55 /* UIViewController+Extensions */ = {
			isa = PBXGroup;
			children = (
				6E6BA6A02AC54545004CCC55 /* UIViewController+Extension.swift */,
				6E703ED52AC59947008A7CF6 /* UIImageView+Extension.swift */,
			);
			path = "UIViewController+Extensions";
			sourceTree = "<group>";
		};
		6E6BA6A22AC55086004CCC55 /* CollectionCell */ = {
			isa = PBXGroup;
			children = (
				6E6BA6A32AC550A4004CCC55 /* PhotoCollectionViewCell.swift */,
			);
			path = CollectionCell;
			sourceTree = "<group>";
		};
		6E703ECF2AC59289008A7CF6 /* FilterService */ = {
			isa = PBXGroup;
			children = (
				6E703ED02AC592A7008A7CF6 /* FilterService.swift */,
			);
			name = FilterService;
			sourceTree = "<group>";
		};
		6E703ED22AC597D6008A7CF6 /* Controlls */ = {
			isa = PBXGroup;
			children = (
				6E703ED32AC597F8008A7CF6 /* FiltersScrollView.swift */,
			);
			path = Controlls;
			sourceTree = "<group>";
		};
		6E703ED72AC59C2C008A7CF6 /* Images */ = {
			isa = PBXGroup;
			children = (
				6E703ED82AC59C78008A7CF6 /* filter-default-image.png */,
			);
			path = Images;
			sourceTree = "<group>";
		};
/* End PBXGroup section */

/* Begin PBXNativeTarget section */
		6E6BA67F2AC477C0004CCC55 /* GoodCam */ = {
			isa = PBXNativeTarget;
			buildConfigurationList = 6E6BA6972AC477C1004CCC55 /* Build configuration list for PBXNativeTarget "GoodCam" */;
			buildPhases = (
				6E6BA67C2AC477C0004CCC55 /* Sources */,
				6E6BA67D2AC477C0004CCC55 /* Frameworks */,
				6E6BA67E2AC477C0004CCC55 /* Resources */,
			);
			buildRules = (
			);
			dependencies = (
			);
			name = GoodCam;
			productName = GoodCam;
			productReference = 6E6BA6802AC477C0004CCC55 /* GoodCam.app */;
			productType = "com.apple.product-type.application";
		};
/* End PBXNativeTarget section */

/* Begin PBXProject section */
		6E6BA6782AC477C0004CCC55 /* Project object */ = {
			isa = PBXProject;
			attributes = {
				BuildIndependentTargetsInParallel = 1;
				LastSwiftUpdateCheck = 1400;
				LastUpgradeCheck = 1400;
				TargetAttributes = {
					6E6BA67F2AC477C0004CCC55 = {
						CreatedOnToolsVersion = 14.0.1;
					};
				};
			};
			buildConfigurationList = 6E6BA67B2AC477C0004CCC55 /* Build configuration list for PBXProject "GoodCam" */;
			compatibilityVersion = "Xcode 14.0";
			developmentRegion = en;
			hasScannedForEncodings = 0;
			knownRegions = (
				en,
				Base,
			);
			mainGroup = 6E6BA6772AC477C0004CCC55;
			productRefGroup = 6E6BA6812AC477C0004CCC55 /* Products */;
			projectDirPath = "";
			projectRoot = "";
			targets = (
				6E6BA67F2AC477C0004CCC55 /* GoodCam */,
			);
		};
/* End PBXProject section */

/* Begin PBXResourcesBuildPhase section */
		6E6BA67E2AC477C0004CCC55 /* Resources */ = {
			isa = PBXResourcesBuildPhase;
			buildActionMask = 2147483647;
			files = (
				6E6BA6932AC477C1004CCC55 /* LaunchScreen.storyboard in Resources */,
				6E6BA6902AC477C1004CCC55 /* Assets.xcassets in Resources */,
				6E6BA68B2AC477C0004CCC55 /* Main.storyboard in Resources */,
				6E703ED92AC59C78008A7CF6 /* filter-default-image.png in Resources */,
			);
			runOnlyForDeploymentPostprocessing = 0;
		};
/* End PBXResourcesBuildPhase section */

/* Begin PBXSourcesBuildPhase section */
		6E6BA67C2AC477C0004CCC55 /* Sources */ = {
			isa = PBXSourcesBuildPhase;
			buildActionMask = 2147483647;
			files = (
				6E6BA6882AC477C0004CCC55 /* ViewController.swift in Sources */,
				6E703ED12AC592A7008A7CF6 /* FilterService.swift in Sources */,
				6E6BA69E2AC5429D004CCC55 /* PhotoCollectionViewController.swift in Sources */,
				6E6BA6A42AC550A4004CCC55 /* PhotoCollectionViewCell.swift in Sources */,
				6E703ED42AC597F8008A7CF6 /* FiltersScrollView.swift in Sources */,
				6E6BA6A62AC56F39004CCC55 /* PhotoPreviewViewController.swift in Sources */,
				6E703ED62AC59947008A7CF6 /* UIImageView+Extension.swift in Sources */,
				6E6BA6842AC477C0004CCC55 /* AppDelegate.swift in Sources */,
				6E6BA68E2AC477C0004CCC55 /* GoodCam.xcdatamodeld in Sources */,
				6E6BA6862AC477C0004CCC55 /* SceneDelegate.swift in Sources */,
				6E6BA69C2AC54280004CCC55 /* FilterViewController.swift in Sources */,
				6E6BA6A12AC54545004CCC55 /* UIViewController+Extension.swift in Sources */,
			);
			runOnlyForDeploymentPostprocessing = 0;
		};
/* End PBXSourcesBuildPhase section */

/* Begin PBXVariantGroup section */
		6E6BA6892AC477C0004CCC55 /* Main.storyboard */ = {
			isa = PBXVariantGroup;
			children = (
				6E6BA68A2AC477C0004CCC55 /* Base */,
			);
			name = Main.storyboard;
			sourceTree = "<group>";
		};
		6E6BA6912AC477C1004CCC55 /* LaunchScreen.storyboard */ = {
			isa = PBXVariantGroup;
			children = (
				6E6BA6922AC477C1004CCC55 /* Base */,
			);
			name = LaunchScreen.storyboard;
			sourceTree = "<group>";
		};
/* End PBXVariantGroup section */

/* Begin XCBuildConfiguration section */
		6E6BA6952AC477C1004CCC55 /* Debug */ = {
			isa = XCBuildConfiguration;
			buildSettings = {
				ALWAYS_SEARCH_USER_PATHS = NO;
				CLANG_ANALYZER_NONNULL = YES;
				CLANG_ANALYZER_NUMBER_OBJECT_CONVERSION = YES_AGGRESSIVE;
				CLANG_CXX_LANGUAGE_STANDARD = "gnu++20";
				CLANG_ENABLE_MODULES = YES;
				CLANG_ENABLE_OBJC_ARC = YES;
				CLANG_ENABLE_OBJC_WEAK = YES;
				CLANG_WARN_BLOCK_CAPTURE_AUTORELEASING = YES;
				CLANG_WARN_BOOL_CONVERSION = YES;
				CLANG_WARN_COMMA = YES;
				CLANG_WARN_CONSTANT_CONVERSION = YES;
				CLANG_WARN_DEPRECATED_OBJC_IMPLEMENTATIONS = YES;
				CLANG_WARN_DIRECT_OBJC_ISA_USAGE = YES_ERROR;
				CLANG_WARN_DOCUMENTATION_COMMENTS = YES;
				CLANG_WARN_EMPTY_BODY = YES;
				CLANG_WARN_ENUM_CONVERSION = YES;
				CLANG_WARN_INFINITE_RECURSION = YES;
				CLANG_WARN_INT_CONVERSION = YES;
				CLANG_WARN_NON_LITERAL_NULL_CONVERSION = YES;
				CLANG_WARN_OBJC_IMPLICIT_RETAIN_SELF = YES;
				CLANG_WARN_OBJC_LITERAL_CONVERSION = YES;
				CLANG_WARN_OBJC_ROOT_CLASS = YES_ERROR;
				CLANG_WARN_QUOTED_INCLUDE_IN_FRAMEWORK_HEADER = YES;
				CLANG_WARN_RANGE_LOOP_ANALYSIS = YES;
				CLANG_WARN_STRICT_PROTOTYPES = YES;
				CLANG_WARN_SUSPICIOUS_MOVE = YES;
				CLANG_WARN_UNGUARDED_AVAILABILITY = YES_AGGRESSIVE;
				CLANG_WARN_UNREACHABLE_CODE = YES;
				CLANG_WARN__DUPLICATE_METHOD_MATCH = YES;
				COPY_PHASE_STRIP = NO;
				DEBUG_INFORMATION_FORMAT = dwarf;
				ENABLE_STRICT_OBJC_MSGSEND = YES;
				ENABLE_TESTABILITY = YES;
				GCC_C_LANGUAGE_STANDARD = gnu11;
				GCC_DYNAMIC_NO_PIC = NO;
				GCC_NO_COMMON_BLOCKS = YES;
				GCC_OPTIMIZATION_LEVEL = 0;
				GCC_PREPROCESSOR_DEFINITIONS = (
					"DEBUG=1",
					"$(inherited)",
				);
				GCC_WARN_64_TO_32_BIT_CONVERSION = YES;
				GCC_WARN_ABOUT_RETURN_TYPE = YES_ERROR;
				GCC_WARN_UNDECLARED_SELECTOR = YES;
				GCC_WARN_UNINITIALIZED_AUTOS = YES_AGGRESSIVE;
				GCC_WARN_UNUSED_FUNCTION = YES;
				GCC_WARN_UNUSED_VARIABLE = YES;
				IPHONEOS_DEPLOYMENT_TARGET = 14.0;
				MTL_ENABLE_DEBUG_INFO = INCLUDE_SOURCE;
				MTL_FAST_MATH = YES;
				ONLY_ACTIVE_ARCH = YES;
				SDKROOT = iphoneos;
				SWIFT_ACTIVE_COMPILATION_CONDITIONS = DEBUG;
				SWIFT_OPTIMIZATION_LEVEL = "-Onone";
			};
			name = Debug;
		};
		6E6BA6962AC477C1004CCC55 /* Release */ = {
			isa = XCBuildConfiguration;
			buildSettings = {
				ALWAYS_SEARCH_USER_PATHS = NO;
				CLANG_ANALYZER_NONNULL = YES;
				CLANG_ANALYZER_NUMBER_OBJECT_CONVERSION = YES_AGGRESSIVE;
				CLANG_CXX_LANGUAGE_STANDARD = "gnu++20";
				CLANG_ENABLE_MODULES = YES;
				CLANG_ENABLE_OBJC_ARC = YES;
				CLANG_ENABLE_OBJC_WEAK = YES;
				CLANG_WARN_BLOCK_CAPTURE_AUTORELEASING = YES;
				CLANG_WARN_BOOL_CONVERSION = YES;
				CLANG_WARN_COMMA = YES;
				CLANG_WARN_CONSTANT_CONVERSION = YES;
				CLANG_WARN_DEPRECATED_OBJC_IMPLEMENTATIONS = YES;
				CLANG_WARN_DIRECT_OBJC_ISA_USAGE = YES_ERROR;
				CLANG_WARN_DOCUMENTATION_COMMENTS = YES;
				CLANG_WARN_EMPTY_BODY = YES;
				CLANG_WARN_ENUM_CONVERSION = YES;
				CLANG_WARN_INFINITE_RECURSION = YES;
				CLANG_WARN_INT_CONVERSION = YES;
				CLANG_WARN_NON_LITERAL_NULL_CONVERSION = YES;
				CLANG_WARN_OBJC_IMPLICIT_RETAIN_SELF = YES;
				CLANG_WARN_OBJC_LITERAL_CONVERSION = YES;
				CLANG_WARN_OBJC_ROOT_CLASS = YES_ERROR;
				CLANG_WARN_QUOTED_INCLUDE_IN_FRAMEWORK_HEADER = YES;
				CLANG_WARN_RANGE_LOOP_ANALYSIS = YES;
				CLANG_WARN_STRICT_PROTOTYPES = YES;
				CLANG_WARN_SUSPICIOUS_MOVE = YES;
				CLANG_WARN_UNGUARDED_AVAILABILITY = YES_AGGRESSIVE;
				CLANG_WARN_UNREACHABLE_CODE = YES;
				CLANG_WARN__DUPLICATE_METHOD_MATCH = YES;
				COPY_PHASE_STRIP = NO;
				DEBUG_INFORMATION_FORMAT = "dwarf-with-dsym";
				ENABLE_NS_ASSERTIONS = NO;
				ENABLE_STRICT_OBJC_MSGSEND = YES;
				GCC_C_LANGUAGE_STANDARD = gnu11;
				GCC_NO_COMMON_BLOCKS = YES;
				GCC_WARN_64_TO_32_BIT_CONVERSION = YES;
				GCC_WARN_ABOUT_RETURN_TYPE = YES_ERROR;
				GCC_WARN_UNDECLARED_SELECTOR = YES;
				GCC_WARN_UNINITIALIZED_AUTOS = YES_AGGRESSIVE;
				GCC_WARN_UNUSED_FUNCTION = YES;
				GCC_WARN_UNUSED_VARIABLE = YES;
				IPHONEOS_DEPLOYMENT_TARGET = 14.0;
				MTL_ENABLE_DEBUG_INFO = NO;
				MTL_FAST_MATH = YES;
				SDKROOT = iphoneos;
				SWIFT_COMPILATION_MODE = wholemodule;
				SWIFT_OPTIMIZATION_LEVEL = "-O";
				VALIDATE_PRODUCT = YES;
			};
			name = Release;
		};
		6E6BA6982AC477C1004CCC55 /* Debug */ = {
			isa = XCBuildConfiguration;
			buildSettings = {
				ASSETCATALOG_COMPILER_APPICON_NAME = AppIcon;
				ASSETCATALOG_COMPILER_GLOBAL_ACCENT_COLOR_NAME = AccentColor;
				CODE_SIGN_STYLE = Automatic;
				CURRENT_PROJECT_VERSION = 1;
				DEVELOPMENT_TEAM = 7FR7T98PVQ;
				GENERATE_INFOPLIST_FILE = YES;
				INFOPLIST_FILE = GoodCam/Info.plist;
				INFOPLIST_KEY_UIApplicationSupportsIndirectInputEvents = YES;
				INFOPLIST_KEY_UILaunchStoryboardName = LaunchScreen;
				INFOPLIST_KEY_UIMainStoryboardFile = Main;
				INFOPLIST_KEY_UISupportedInterfaceOrientations_iPad = "UIInterfaceOrientationPortrait UIInterfaceOrientationPortraitUpsideDown UIInterfaceOrientationLandscapeLeft UIInterfaceOrientationLandscapeRight";
				INFOPLIST_KEY_UISupportedInterfaceOrientations_iPhone = "UIInterfaceOrientationPortrait UIInterfaceOrientationLandscapeLeft UIInterfaceOrientationLandscapeRight";
				IPHONEOS_DEPLOYMENT_TARGET = 14.0;
				LD_RUNPATH_SEARCH_PATHS = (
					"$(inherited)",
					"@executable_path/Frameworks",
				);
				MARKETING_VERSION = 1.0;
				PRODUCT_BUNDLE_IDENTIFIER = anoop.GoodCam;
				PRODUCT_NAME = "$(TARGET_NAME)";
				SWIFT_EMIT_LOC_STRINGS = YES;
				SWIFT_VERSION = 5.0;
				TARGETED_DEVICE_FAMILY = "1,2";
			};
			name = Debug;
		};
		6E6BA6992AC477C1004CCC55 /* Release */ = {
			isa = XCBuildConfiguration;
			buildSettings = {
				ASSETCATALOG_COMPILER_APPICON_NAME = AppIcon;
				ASSETCATALOG_COMPILER_GLOBAL_ACCENT_COLOR_NAME = AccentColor;
				CODE_SIGN_STYLE = Automatic;
				CURRENT_PROJECT_VERSION = 1;
				DEVELOPMENT_TEAM = 7FR7T98PVQ;
				GENERATE_INFOPLIST_FILE = YES;
				INFOPLIST_FILE = GoodCam/Info.plist;
				INFOPLIST_KEY_UIApplicationSupportsIndirectInputEvents = YES;
				INFOPLIST_KEY_UILaunchStoryboardName = LaunchScreen;
				INFOPLIST_KEY_UIMainStoryboardFile = Main;
				INFOPLIST_KEY_UISupportedInterfaceOrientations_iPad = "UIInterfaceOrientationPortrait UIInterfaceOrientationPortraitUpsideDown UIInterfaceOrientationLandscapeLeft UIInterfaceOrientationLandscapeRight";
				INFOPLIST_KEY_UISupportedInterfaceOrientations_iPhone = "UIInterfaceOrientationPortrait UIInterfaceOrientationLandscapeLeft UIInterfaceOrientationLandscapeRight";
				IPHONEOS_DEPLOYMENT_TARGET = 14.0;
				LD_RUNPATH_SEARCH_PATHS = (
					"$(inherited)",
					"@executable_path/Frameworks",
				);
				MARKETING_VERSION = 1.0;
				PRODUCT_BUNDLE_IDENTIFIER = anoop.GoodCam;
				PRODUCT_NAME = "$(TARGET_NAME)";
				SWIFT_EMIT_LOC_STRINGS = YES;
				SWIFT_VERSION = 5.0;
				TARGETED_DEVICE_FAMILY = "1,2";
			};
			name = Release;
		};
/* End XCBuildConfiguration section */

/* Begin XCConfigurationList section */
		6E6BA67B2AC477C0004CCC55 /* Build configuration list for PBXProject "GoodCam" */ = {
			isa = XCConfigurationList;
			buildConfigurations = (
				6E6BA6952AC477C1004CCC55 /* Debug */,
				6E6BA6962AC477C1004CCC55 /* Release */,
			);
			defaultConfigurationIsVisible = 0;
			defaultConfigurationName = Release;
		};
		6E6BA6972AC477C1004CCC55 /* Build configuration list for PBXNativeTarget "GoodCam" */ = {
			isa = XCConfigurationList;
			buildConfigurations = (
				6E6BA6982AC477C1004CCC55 /* Debug */,
				6E6BA6992AC477C1004CCC55 /* Release */,
			);
			defaultConfigurationIsVisible = 0;
			defaultConfigurationName = Release;
		};
/* End XCConfigurationList section */

/* Begin XCVersionGroup section */
		6E6BA68C2AC477C0004CCC55 /* GoodCam.xcdatamodeld */ = {
			isa = XCVersionGroup;
			children = (
				6E6BA68D2AC477C0004CCC55 /* GoodCam.xcdatamodel */,
			);
			currentVersion = 6E6BA68D2AC477C0004CCC55 /* GoodCam.xcdatamodel */;
			path = GoodCam.xcdatamodeld;
			sourceTree = "<group>";
			versionGroupType = wrapper.xcdatamodel;
		};
/* End XCVersionGroup section */
	};
	rootObject = 6E6BA6782AC477C0004CCC55 /* Project object */;
}
